{
  "object": {
    "pins": [
      {
        "package": "Git2Json",
        "repositoryURL": "/Users/andres/Git/Git2Json",
        "state": {
          "branch": "master",
          "revision": "fac7d1c239ba4daad822d9fa6d92f51fb44b1175",
          "version": null
        }
      },
      {
        "package": "SwiftShell",
        "repositoryURL": "https://github.com/kareman/SwiftShell",
        "state": {
          "branch": null,
          "revision": "02c8ae6a5d829d28aaa9683129fc71f899beca3a",
          "version": "4.1.1"
        }
      }
    ]
  },
  "version": 1
}
