{
  "object": {
    "pins": [
      {
        "package": "Git2Json",
        "repositoryURL": "/Users/andres/Git/Git2Json",
        "state": {
          "branch": "master",
          "revision": "1fc093b0db78271bf2910853371cc83d5d6019a7",
          "version": null
        }
      },
      {
        "package": "SwiftShell",
        "repositoryURL": "https://github.com/kareman/SwiftShell",
        "state": {
          "branch": null,
          "revision": "02c8ae6a5d829d28aaa9683129fc71f899beca3a",
          "version": "4.1.1"
        }
      }
    ]
  },
  "version": 1
}
