{
  "object": {
    "pins": [
      {
        "package": "Git2Json",
        "repositoryURL": "/Users/andres/Git/Git2Json",
        "state": {
          "branch": "master",
          "revision": "ac53653ddd9221b360b78b2d3cf9b5eedf13fcee",
          "version": null
        }
      },
      {
        "package": "SwiftShell",
        "repositoryURL": "https://github.com/kareman/SwiftShell",
        "state": {
          "branch": null,
          "revision": "02c8ae6a5d829d28aaa9683129fc71f899beca3a",
          "version": "4.1.1"
        }
      }
    ]
  },
  "version": 1
}
